{
  "name": "lqp",
  "version": "1.0.0",
  "lockfileVersion": 2,
  "requires": true,
  "packages": {
    "": {
      "name": "lqp",
      "version": "1.0.0",
      "license": "ISC",
      "dependencies": {
        "@dcloudio/uni-ui": "^1.4.6"
      }
    },
    "node_modules/@dcloudio/uni-ui": {
      "version": "1.4.6",
      "resolved": "https://registry.npmjs.org/@dcloudio/uni-ui/-/uni-ui-1.4.6.tgz",
      "integrity": "sha512-ZkMlEDaWy8BJHQ7f3hQLgcYbnUsjIFwyNBhdoy36gxWPZ6/HuI5r0xG7odmrdlx7iBSDN6iqsvkwAvpmbSxI8A=="
    }
  },
  "dependencies": {
    "@dcloudio/uni-ui": {
      "version": "1.4.6",
      "resolved": "https://registry.npmjs.org/@dcloudio/uni-ui/-/uni-ui-1.4.6.tgz",
      "integrity": "sha512-ZkMlEDaWy8BJHQ7f3hQLgcYbnUsjIFwyNBhdoy36gxWPZ6/HuI5r0xG7odmrdlx7iBSDN6iqsvkwAvpmbSxI8A=="
    }
  }
}
